// !$*UTF8*$!
{
	archiveVersion = 1;
	classes = {
	};
	objectVersion = 77;
	objects = {

/* Begin PBXContainerItemProxy section */
		4A4684B92CDBD68C00787B39 /* PBXContainerItemProxy */ = {
			isa = PBXContainerItemProxy;
			containerPortal = 4A4684992CDBD67D00787B39 /* Project object */;
			proxyType = 1;
			remoteGlobalIDString = 4A4684A02CDBD67D00787B39;
			remoteInfo = NewsArticals;
		};
		4A4684C32CDBD68C00787B39 /* PBXContainerItemProxy */ = {
			isa = PBXContainerItemProxy;
			containerPortal = 4A4684992CDBD67D00787B39 /* Project object */;
			proxyType = 1;
			remoteGlobalIDString = 4A4684A02CDBD67D00787B39;
			remoteInfo = NewsArticals;
		};
/* End PBXContainerItemProxy section */

/* Begin PBXFileReference section */
		4A4684A12CDBD67D00787B39 /* NewsArticals.app */ = {isa = PBXFileReference; explicitFileType = wrapper.application; includeInIndex = 0; path = NewsArticals.app; sourceTree = BUILT_PRODUCTS_DIR; };
		4A4684B82CDBD68C00787B39 /* NewsArticalsTests.xctest */ = {isa = PBXFileReference; explicitFileType = wrapper.cfbundle; includeInIndex = 0; path = NewsArticalsTests.xctest; sourceTree = BUILT_PRODUCTS_DIR; };
		4A4684C22CDBD68C00787B39 /* NewsArticalsUITests.xctest */ = {isa = PBXFileReference; explicitFileType = wrapper.cfbundle; includeInIndex = 0; path = NewsArticalsUITests.xctest; sourceTree = BUILT_PRODUCTS_DIR; };
/* End PBXFileReference section */

/* Begin PBXFileSystemSynchronizedBuildFileExceptionSet section */
		4A4684CA2CDBD68C00787B39 /* Exceptions for "NewsArticals" folder in "NewsArticals" target */ = {
			isa = PBXFileSystemSynchronizedBuildFileExceptionSet;
			membershipExceptions = (
				Info.plist,
			);
			target = 4A4684A02CDBD67D00787B39 /* NewsArticals */;
		};
/* End PBXFileSystemSynchronizedBuildFileExceptionSet section */

/* Begin PBXFileSystemSynchronizedRootGroup section */
		4A4684A32CDBD67D00787B39 /* NewsArticals */ = {
			isa = PBXFileSystemSynchronizedRootGroup;
			exceptions = (
				4A4684CA2CDBD68C00787B39 /* Exceptions for "NewsArticals" folder in "NewsArticals" target */,
			);
			path = NewsArticals;
			sourceTree = "<group>";
		};
		4A4684BB2CDBD68C00787B39 /* NewsArticalsTests */ = {
			isa = PBXFileSystemSynchronizedRootGroup;
			path = NewsArticalsTests;
			sourceTree = "<group>";
		};
		4A4684C52CDBD68C00787B39 /* NewsArticalsUITests */ = {
			isa = PBXFileSystemSynchronizedRootGroup;
			path = NewsArticalsUITests;
			sourceTree = "<group>";
		};
/* End PBXFileSystemSynchronizedRootGroup section */

/* Begin PBXFrameworksBuildPhase section */
		4A46849E2CDBD67D00787B39 /* Frameworks */ = {
			isa = PBXFrameworksBuildPhase;
			buildActionMask = 2147483647;
			files = (
			);
			runOnlyForDeploymentPostprocessing = 0;
		};
		4A4684B52CDBD68C00787B39 /* Frameworks */ = {
			isa = PBXFrameworksBuildPhase;
			buildActionMask = 2147483647;
			files = (
			);
			runOnlyForDeploymentPostprocessing = 0;
		};
		4A4684BF2CDBD68C00787B39 /* Frameworks */ = {
			isa = PBXFrameworksBuildPhase;
			buildActionMask = 2147483647;
			files = (
			);
			runOnlyForDeploymentPostprocessing = 0;
		};
/* End PBXFrameworksBuildPhase section */

/* Begin PBXGroup section */
		4A4684982CDBD67D00787B39 = {
			isa = PBXGroup;
			children = (
				4A4684A32CDBD67D00787B39 /* NewsArticals */,
				4A4684BB2CDBD68C00787B39 /* NewsArticalsTests */,
				4A4684C52CDBD68C00787B39 /* NewsArticalsUITests */,
				4A4684A22CDBD67D00787B39 /* Products */,
			);
			sourceTree = "<group>";
		};
		4A4684A22CDBD67D00787B39 /* Products */ = {
			isa = PBXGroup;
			children = (
				4A4684A12CDBD67D00787B39 /* NewsArticals.app */,
				4A4684B82CDBD68C00787B39 /* NewsArticalsTests.xctest */,
				4A4684C22CDBD68C00787B39 /* NewsArticalsUITests.xctest */,
			);
			name = Products;
			sourceTree = "<group>";
		};
/* End PBXGroup section */

/* Begin PBXNativeTarget section */
		4A4684A02CDBD67D00787B39 /* NewsArticals */ = {
			isa = PBXNativeTarget;
			buildConfigurationList = 4A4684CB2CDBD68C00787B39 /* Build configuration list for PBXNativeTarget "NewsArticals" */;
			buildPhases = (
				4A46849D2CDBD67D00787B39 /* Sources */,
				4A46849E2CDBD67D00787B39 /* Frameworks */,
				4A46849F2CDBD67D00787B39 /* Resources */,
			);
			buildRules = (
			);
			dependencies = (
			);
			fileSystemSynchronizedGroups = (
				4A4684A32CDBD67D00787B39 /* NewsArticals */,
			);
			name = NewsArticals;
			packageProductDependencies = (
			);
			productName = NewsArticals;
			productReference = 4A4684A12CDBD67D00787B39 /* NewsArticals.app */;
			productType = "com.apple.product-type.application";
		};
		4A4684B72CDBD68C00787B39 /* NewsArticalsTests */ = {
			isa = PBXNativeTarget;
			buildConfigurationList = 4A4684D02CDBD68C00787B39 /* Build configuration list for PBXNativeTarget "NewsArticalsTests" */;
			buildPhases = (
				4A4684B42CDBD68C00787B39 /* Sources */,
				4A4684B52CDBD68C00787B39 /* Frameworks */,
				4A4684B62CDBD68C00787B39 /* Resources */,
			);
			buildRules = (
			);
			dependencies = (
				4A4684BA2CDBD68C00787B39 /* PBXTargetDependency */,
			);
			fileSystemSynchronizedGroups = (
				4A4684BB2CDBD68C00787B39 /* NewsArticalsTests */,
			);
			name = NewsArticalsTests;
			packageProductDependencies = (
			);
			productName = NewsArticalsTests;
			productReference = 4A4684B82CDBD68C00787B39 /* NewsArticalsTests.xctest */;
			productType = "com.apple.product-type.bundle.unit-test";
		};
		4A4684C12CDBD68C00787B39 /* NewsArticalsUITests */ = {
			isa = PBXNativeTarget;
			buildConfigurationList = 4A4684D32CDBD68C00787B39 /* Build configuration list for PBXNativeTarget "NewsArticalsUITests" */;
			buildPhases = (
				4A4684BE2CDBD68C00787B39 /* Sources */,
				4A4684BF2CDBD68C00787B39 /* Frameworks */,
				4A4684C02CDBD68C00787B39 /* Resources */,
			);
			buildRules = (
			);
			dependencies = (
				4A4684C42CDBD68C00787B39 /* PBXTargetDependency */,
			);
			fileSystemSynchronizedGroups = (
				4A4684C52CDBD68C00787B39 /* NewsArticalsUITests */,
			);
			name = NewsArticalsUITests;
			packageProductDependencies = (
			);
			productName = NewsArticalsUITests;
			productReference = 4A4684C22CDBD68C00787B39 /* NewsArticalsUITests.xctest */;
			productType = "com.apple.product-type.bundle.ui-testing";
		};
/* End PBXNativeTarget section */

/* Begin PBXProject section */
		4A4684992CDBD67D00787B39 /* Project object */ = {
			isa = PBXProject;
			attributes = {
				BuildIndependentTargetsInParallel = 1;
				LastSwiftUpdateCheck = 1600;
				LastUpgradeCheck = 1600;
				TargetAttributes = {
					4A4684A02CDBD67D00787B39 = {
						CreatedOnToolsVersion = 16.0;
					};
					4A4684B72CDBD68C00787B39 = {
						CreatedOnToolsVersion = 16.0;
						TestTargetID = 4A4684A02CDBD67D00787B39;
					};
					4A4684C12CDBD68C00787B39 = {
						CreatedOnToolsVersion = 16.0;
						TestTargetID = 4A4684A02CDBD67D00787B39;
					};
				};
			};
			buildConfigurationList = 4A46849C2CDBD67D00787B39 /* Build configuration list for PBXProject "NewsArticals" */;
			developmentRegion = en;
			hasScannedForEncodings = 0;
			knownRegions = (
				en,
				Base,
			);
			mainGroup = 4A4684982CDBD67D00787B39;
			minimizedProjectReferenceProxies = 1;
			preferredProjectObjectVersion = 77;
			productRefGroup = 4A4684A22CDBD67D00787B39 /* Products */;
			projectDirPath = "";
			projectRoot = "";
			targets = (
				4A4684A02CDBD67D00787B39 /* NewsArticals */,
				4A4684B72CDBD68C00787B39 /* NewsArticalsTests */,
				4A4684C12CDBD68C00787B39 /* NewsArticalsUITests */,
			);
		};
/* End PBXProject section */

/* Begin PBXResourcesBuildPhase section */
		4A46849F2CDBD67D00787B39 /* Resources */ = {
			isa = PBXResourcesBuildPhase;
			buildActionMask = 2147483647;
			files = (
			);
			runOnlyForDeploymentPostprocessing = 0;
		};
		4A4684B62CDBD68C00787B39 /* Resources */ = {
			isa = PBXResourcesBuildPhase;
			buildActionMask = 2147483647;
			files = (
			);
			runOnlyForDeploymentPostprocessing = 0;
		};
		4A4684C02CDBD68C00787B39 /* Resources */ = {
			isa = PBXResourcesBuildPhase;
			buildActionMask = 2147483647;
			files = (
			);
			runOnlyForDeploymentPostprocessing = 0;
		};
/* End PBXResourcesBuildPhase section */

/* Begin PBXSourcesBuildPhase section */
		4A46849D2CDBD67D00787B39 /* Sources */ = {
			isa = PBXSourcesBuildPhase;
			buildActionMask = 2147483647;
			files = (
			);
			runOnlyForDeploymentPostprocessing = 0;
		};
		4A4684B42CDBD68C00787B39 /* Sources */ = {
			isa = PBXSourcesBuildPhase;
			buildActionMask = 2147483647;
			files = (
			);
			runOnlyForDeploymentPostprocessing = 0;
		};
		4A4684BE2CDBD68C00787B39 /* Sources */ = {
			isa = PBXSourcesBuildPhase;
			buildActionMask = 2147483647;
			files = (
			);
			runOnlyForDeploymentPostprocessing = 0;
		};
/* End PBXSourcesBuildPhase section */

/* Begin PBXTargetDependency section */
		4A4684BA2CDBD68C00787B39 /* PBXTargetDependency */ = {
			isa = PBXTargetDependency;
			target = 4A4684A02CDBD67D00787B39 /* NewsArticals */;
			targetProxy = 4A4684B92CDBD68C00787B39 /* PBXContainerItemProxy */;
		};
		4A4684C42CDBD68C00787B39 /* PBXTargetDependency */ = {
			isa = PBXTargetDependency;
			target = 4A4684A02CDBD67D00787B39 /* NewsArticals */;
			targetProxy = 4A4684C32CDBD68C00787B39 /* PBXContainerItemProxy */;
		};
/* End PBXTargetDependency section */

/* Begin XCBuildConfiguration section */
		4A4684CC2CDBD68C00787B39 /* Debug */ = {
			isa = XCBuildConfiguration;
			buildSettings = {
				ASSETCATALOG_COMPILER_APPICON_NAME = AppIcon;
				ASSETCATALOG_COMPILER_GLOBAL_ACCENT_COLOR_NAME = AccentColor;
				CODE_SIGN_ENTITLEMENTS = NewsArticals/NewsArticals.entitlements;
				CODE_SIGN_STYLE = Automatic;
				CURRENT_PROJECT_VERSION = 1;
				DEVELOPMENT_ASSET_PATHS = "\"NewsArticals/Preview Content\"";
				DEVELOPMENT_TEAM = 3K558Y5NQS;
				ENABLE_PREVIEWS = YES;
				GENERATE_INFOPLIST_FILE = YES;
				INFOPLIST_FILE = NewsArticals/Info.plist;
				INFOPLIST_KEY_UIApplicationSceneManifest_Generation = YES;
				INFOPLIST_KEY_UIApplicationSupportsIndirectInputEvents = YES;
				INFOPLIST_KEY_UILaunchScreen_Generation = YES;
				INFOPLIST_KEY_UISupportedInterfaceOrientations_iPad = "UIInterfaceOrientationPortrait UIInterfaceOrientationPortraitUpsideDown UIInterfaceOrientationLandscapeLeft UIInterfaceOrientationLandscapeRight";
				INFOPLIST_KEY_UISupportedInterfaceOrientations_iPhone = "UIInterfaceOrientationPortrait UIInterfaceOrientationLandscapeLeft UIInterfaceOrientationLandscapeRight";
				LD_RUNPATH_SEARCH_PATHS = (
					"$(inherited)",
					"@executable_path/Frameworks",
				);
				MARKETING_VERSION = 1.0;
				PRODUCT_BUNDLE_IDENTIFIER = com.sachindaingade.NewsArticals;
				PRODUCT_NAME = "$(TARGET_NAME)";
				SWIFT_EMIT_LOC_STRINGS = YES;
				SWIFT_VERSION = 5.0;
				TARGETED_DEVICE_FAMILY = "1,2";
			};
			name = Debug;
		};
		4A4684CD2CDBD68C00787B39 /* Release */ = {
			isa = XCBuildConfiguration;
			buildSettings = {
				ASSETCATALOG_COMPILER_APPICON_NAME = AppIcon;
				ASSETCATALOG_COMPILER_GLOBAL_ACCENT_COLOR_NAME = AccentColor;
				CODE_SIGN_ENTITLEMENTS = NewsArticals/NewsArticals.entitlements;
				CODE_SIGN_STYLE = Automatic;
				CURRENT_PROJECT_VERSION = 1;
				DEVELOPMENT_ASSET_PATHS = "\"NewsArticals/Preview Content\"";
				DEVELOPMENT_TEAM = 3K558Y5NQS;
				ENABLE_PREVIEWS = YES;
				GENERATE_INFOPLIST_FILE = YES;
				INFOPLIST_FILE = NewsArticals/Info.plist;
				INFOPLIST_KEY_UIApplicationSceneManifest_Generation = YES;
				INFOPLIST_KEY_UIApplicationSupportsIndirectInputEvents = YES;
				INFOPLIST_KEY_UILaunchScreen_Generation = YES;
				INFOPLIST_KEY_UISupportedInterfaceOrientations_iPad = "UIInterfaceOrientationPortrait UIInterfaceOrientationPortraitUpsideDown UIInterfaceOrientationLandscapeLeft UIInterfaceOrientationLandscapeRight";
				INFOPLIST_KEY_UISupportedInterfaceOrientations_iPhone = "UIInterfaceOrientationPortrait UIInterfaceOrientationLandscapeLeft UIInterfaceOrientationLandscapeRight";
				LD_RUNPATH_SEARCH_PATHS = (
					"$(inherited)",
					"@executable_path/Frameworks",
				);
				MARKETING_VERSION = 1.0;
				PRODUCT_BUNDLE_IDENTIFIER = com.sachindaingade.NewsArticals;
				PRODUCT_NAME = "$(TARGET_NAME)";
				SWIFT_EMIT_LOC_STRINGS = YES;
				SWIFT_VERSION = 5.0;
				TARGETED_DEVICE_FAMILY = "1,2";
			};
			name = Release;
		};
		4A4684CE2CDBD68C00787B39 /* Debug */ = {
			isa = XCBuildConfiguration;
			buildSettings = {
				ALWAYS_SEARCH_USER_PATHS = NO;
				ASSETCATALOG_COMPILER_GENERATE_SWIFT_ASSET_SYMBOL_EXTENSIONS = YES;
				CLANG_ANALYZER_NONNULL = YES;
				CLANG_ANALYZER_NUMBER_OBJECT_CONVERSION = YES_AGGRESSIVE;
				CLANG_CXX_LANGUAGE_STANDARD = "gnu++20";
				CLANG_ENABLE_MODULES = YES;
				CLANG_ENABLE_OBJC_ARC = YES;
				CLANG_ENABLE_OBJC_WEAK = YES;
				CLANG_WARN_BLOCK_CAPTURE_AUTORELEASING = YES;
				CLANG_WARN_BOOL_CONVERSION = YES;
				CLANG_WARN_COMMA = YES;
				CLANG_WARN_CONSTANT_CONVERSION = YES;
				CLANG_WARN_DEPRECATED_OBJC_IMPLEMENTATIONS = YES;
				CLANG_WARN_DIRECT_OBJC_ISA_USAGE = YES_ERROR;
				CLANG_WARN_DOCUMENTATION_COMMENTS = YES;
				CLANG_WARN_EMPTY_BODY = YES;
				CLANG_WARN_ENUM_CONVERSION = YES;
				CLANG_WARN_INFINITE_RECURSION = YES;
				CLANG_WARN_INT_CONVERSION = YES;
				CLANG_WARN_NON_LITERAL_NULL_CONVERSION = YES;
				CLANG_WARN_OBJC_IMPLICIT_RETAIN_SELF = YES;
				CLANG_WARN_OBJC_LITERAL_CONVERSION = YES;
				CLANG_WARN_OBJC_ROOT_CLASS = YES_ERROR;
				CLANG_WARN_QUOTED_INCLUDE_IN_FRAMEWORK_HEADER = YES;
				CLANG_WARN_RANGE_LOOP_ANALYSIS = YES;
				CLANG_WARN_STRICT_PROTOTYPES = YES;
				CLANG_WARN_SUSPICIOUS_MOVE = YES;
				CLANG_WARN_UNGUARDED_AVAILABILITY = YES_AGGRESSIVE;
				CLANG_WARN_UNREACHABLE_CODE = YES;
				CLANG_WARN__DUPLICATE_METHOD_MATCH = YES;
				COPY_PHASE_STRIP = NO;
				DEBUG_INFORMATION_FORMAT = dwarf;
				ENABLE_STRICT_OBJC_MSGSEND = YES;
				ENABLE_TESTABILITY = YES;
				ENABLE_USER_SCRIPT_SANDBOXING = YES;
				GCC_C_LANGUAGE_STANDARD = gnu17;
				GCC_DYNAMIC_NO_PIC = NO;
				GCC_NO_COMMON_BLOCKS = YES;
				GCC_OPTIMIZATION_LEVEL = 0;
				GCC_PREPROCESSOR_DEFINITIONS = (
					"DEBUG=1",
					"$(inherited)",
				);
				GCC_WARN_64_TO_32_BIT_CONVERSION = YES;
				GCC_WARN_ABOUT_RETURN_TYPE = YES_ERROR;
				GCC_WARN_UNDECLARED_SELECTOR = YES;
				GCC_WARN_UNINITIALIZED_AUTOS = YES_AGGRESSIVE;
				GCC_WARN_UNUSED_FUNCTION = YES;
				GCC_WARN_UNUSED_VARIABLE = YES;
				IPHONEOS_DEPLOYMENT_TARGET = 18.0;
				LOCALIZATION_PREFERS_STRING_CATALOGS = YES;
				MTL_ENABLE_DEBUG_INFO = INCLUDE_SOURCE;
				MTL_FAST_MATH = YES;
				ONLY_ACTIVE_ARCH = YES;
				SDKROOT = iphoneos;
				SWIFT_ACTIVE_COMPILATION_CONDITIONS = "DEBUG $(inherited)";
				SWIFT_OPTIMIZATION_LEVEL = "-Onone";
			};
			name = Debug;
		};
		4A4684CF2CDBD68C00787B39 /* Release */ = {
			isa = XCBuildConfiguration;
			buildSettings = {
				ALWAYS_SEARCH_USER_PATHS = NO;
				ASSETCATALOG_COMPILER_GENERATE_SWIFT_ASSET_SYMBOL_EXTENSIONS = YES;
				CLANG_ANALYZER_NONNULL = YES;
				CLANG_ANALYZER_NUMBER_OBJECT_CONVERSION = YES_AGGRESSIVE;
				CLANG_CXX_LANGUAGE_STANDARD = "gnu++20";
				CLANG_ENABLE_MODULES = YES;
				CLANG_ENABLE_OBJC_ARC = YES;
				CLANG_ENABLE_OBJC_WEAK = YES;
				CLANG_WARN_BLOCK_CAPTURE_AUTORELEASING = YES;
				CLANG_WARN_BOOL_CONVERSION = YES;
				CLANG_WARN_COMMA = YES;
				CLANG_WARN_CONSTANT_CONVERSION = YES;
				CLANG_WARN_DEPRECATED_OBJC_IMPLEMENTATIONS = YES;
				CLANG_WARN_DIRECT_OBJC_ISA_USAGE = YES_ERROR;
				CLANG_WARN_DOCUMENTATION_COMMENTS = YES;
				CLANG_WARN_EMPTY_BODY = YES;
				CLANG_WARN_ENUM_CONVERSION = YES;
				CLANG_WARN_INFINITE_RECURSION = YES;
				CLANG_WARN_INT_CONVERSION = YES;
				CLANG_WARN_NON_LITERAL_NULL_CONVERSION = YES;
				CLANG_WARN_OBJC_IMPLICIT_RETAIN_SELF = YES;
				CLANG_WARN_OBJC_LITERAL_CONVERSION = YES;
				CLANG_WARN_OBJC_ROOT_CLASS = YES_ERROR;
				CLANG_WARN_QUOTED_INCLUDE_IN_FRAMEWORK_HEADER = YES;
				CLANG_WARN_RANGE_LOOP_ANALYSIS = YES;
				CLANG_WARN_STRICT_PROTOTYPES = YES;
				CLANG_WARN_SUSPICIOUS_MOVE = YES;
				CLANG_WARN_UNGUARDED_AVAILABILITY = YES_AGGRESSIVE;
				CLANG_WARN_UNREACHABLE_CODE = YES;
				CLANG_WARN__DUPLICATE_METHOD_MATCH = YES;
				COPY_PHASE_STRIP = NO;
				DEBUG_INFORMATION_FORMAT = "dwarf-with-dsym";
				ENABLE_NS_ASSERTIONS = NO;
				ENABLE_STRICT_OBJC_MSGSEND = YES;
				ENABLE_USER_SCRIPT_SANDBOXING = YES;
				GCC_C_LANGUAGE_STANDARD = gnu17;
				GCC_NO_COMMON_BLOCKS = YES;
				GCC_WARN_64_TO_32_BIT_CONVERSION = YES;
				GCC_WARN_ABOUT_RETURN_TYPE = YES_ERROR;
				GCC_WARN_UNDECLARED_SELECTOR = YES;
				GCC_WARN_UNINITIALIZED_AUTOS = YES_AGGRESSIVE;
				GCC_WARN_UNUSED_FUNCTION = YES;
				GCC_WARN_UNUSED_VARIABLE = YES;
				IPHONEOS_DEPLOYMENT_TARGET = 18.0;
				LOCALIZATION_PREFERS_STRING_CATALOGS = YES;
				MTL_ENABLE_DEBUG_INFO = NO;
				MTL_FAST_MATH = YES;
				SDKROOT = iphoneos;
				SWIFT_COMPILATION_MODE = wholemodule;
				VALIDATE_PRODUCT = YES;
			};
			name = Release;
		};
		4A4684D12CDBD68C00787B39 /* Debug */ = {
			isa = XCBuildConfiguration;
			buildSettings = {
				BUNDLE_LOADER = "$(TEST_HOST)";
				CODE_SIGN_STYLE = Automatic;
				CURRENT_PROJECT_VERSION = 1;
				DEVELOPMENT_TEAM = 3K558Y5NQS;
				GENERATE_INFOPLIST_FILE = YES;
				IPHONEOS_DEPLOYMENT_TARGET = 18.0;
				MARKETING_VERSION = 1.0;
				PRODUCT_BUNDLE_IDENTIFIER = com.sachindaingade.NewsArticalsTests;
				PRODUCT_NAME = "$(TARGET_NAME)";
				SWIFT_EMIT_LOC_STRINGS = NO;
				SWIFT_VERSION = 5.0;
				TARGETED_DEVICE_FAMILY = "1,2";
				TEST_HOST = "$(BUILT_PRODUCTS_DIR)/NewsArticals.app/$(BUNDLE_EXECUTABLE_FOLDER_PATH)/NewsArticals";
			};
			name = Debug;
		};
		4A4684D22CDBD68C00787B39 /* Release */ = {
			isa = XCBuildConfiguration;
			buildSettings = {
				BUNDLE_LOADER = "$(TEST_HOST)";
				CODE_SIGN_STYLE = Automatic;
				CURRENT_PROJECT_VERSION = 1;
				DEVELOPMENT_TEAM = 3K558Y5NQS;
				GENERATE_INFOPLIST_FILE = YES;
				IPHONEOS_DEPLOYMENT_TARGET = 18.0;
				MARKETING_VERSION = 1.0;
				PRODUCT_BUNDLE_IDENTIFIER = com.sachindaingade.NewsArticalsTests;
				PRODUCT_NAME = "$(TARGET_NAME)";
				SWIFT_EMIT_LOC_STRINGS = NO;
				SWIFT_VERSION = 5.0;
				TARGETED_DEVICE_FAMILY = "1,2";
				TEST_HOST = "$(BUILT_PRODUCTS_DIR)/NewsArticals.app/$(BUNDLE_EXECUTABLE_FOLDER_PATH)/NewsArticals";
			};
			name = Release;
		};
		4A4684D42CDBD68C00787B39 /* Debug */ = {
			isa = XCBuildConfiguration;
			buildSettings = {
				CODE_SIGN_STYLE = Automatic;
				CURRENT_PROJECT_VERSION = 1;
				DEVELOPMENT_TEAM = 3K558Y5NQS;
				GENERATE_INFOPLIST_FILE = YES;
				MARKETING_VERSION = 1.0;
				PRODUCT_BUNDLE_IDENTIFIER = com.sachindaingade.NewsArticalsUITests;
				PRODUCT_NAME = "$(TARGET_NAME)";
				SWIFT_EMIT_LOC_STRINGS = NO;
				SWIFT_VERSION = 5.0;
				TARGETED_DEVICE_FAMILY = "1,2";
				TEST_TARGET_NAME = NewsArticals;
			};
			name = Debug;
		};
		4A4684D52CDBD68C00787B39 /* Release */ = {
			isa = XCBuildConfiguration;
			buildSettings = {
				CODE_SIGN_STYLE = Automatic;
				CURRENT_PROJECT_VERSION = 1;
				DEVELOPMENT_TEAM = 3K558Y5NQS;
				GENERATE_INFOPLIST_FILE = YES;
				MARKETING_VERSION = 1.0;
				PRODUCT_BUNDLE_IDENTIFIER = com.sachindaingade.NewsArticalsUITests;
				PRODUCT_NAME = "$(TARGET_NAME)";
				SWIFT_EMIT_LOC_STRINGS = NO;
				SWIFT_VERSION = 5.0;
				TARGETED_DEVICE_FAMILY = "1,2";
				TEST_TARGET_NAME = NewsArticals;
			};
			name = Release;
		};
/* End XCBuildConfiguration section */

/* Begin XCConfigurationList section */
		4A46849C2CDBD67D00787B39 /* Build configuration list for PBXProject "NewsArticals" */ = {
			isa = XCConfigurationList;
			buildConfigurations = (
				4A4684CE2CDBD68C00787B39 /* Debug */,
				4A4684CF2CDBD68C00787B39 /* Release */,
			);
			defaultConfigurationIsVisible = 0;
			defaultConfigurationName = Release;
		};
		4A4684CB2CDBD68C00787B39 /* Build configuration list for PBXNativeTarget "NewsArticals" */ = {
			isa = XCConfigurationList;
			buildConfigurations = (
				4A4684CC2CDBD68C00787B39 /* Debug */,
				4A4684CD2CDBD68C00787B39 /* Release */,
			);
			defaultConfigurationIsVisible = 0;
			defaultConfigurationName = Release;
		};
		4A4684D02CDBD68C00787B39 /* Build configuration list for PBXNativeTarget "NewsArticalsTests" */ = {
			isa = XCConfigurationList;
			buildConfigurations = (
				4A4684D12CDBD68C00787B39 /* Debug */,
				4A4684D22CDBD68C00787B39 /* Release */,
			);
			defaultConfigurationIsVisible = 0;
			defaultConfigurationName = Release;
		};
		4A4684D32CDBD68C00787B39 /* Build configuration list for PBXNativeTarget "NewsArticalsUITests" */ = {
			isa = XCConfigurationList;
			buildConfigurations = (
				4A4684D42CDBD68C00787B39 /* Debug */,
				4A4684D52CDBD68C00787B39 /* Release */,
			);
			defaultConfigurationIsVisible = 0;
			defaultConfigurationName = Release;
		};
/* End XCConfigurationList section */
	};
	rootObject = 4A4684992CDBD67D00787B39 /* Project object */;
}
